
Microsoft Visual Studio Solution File, Format Version 12.00
# Visual Studio Version 16
VisualStudioVersion = 16.0.809.0
MinimumVisualStudioVersion = 10.0.40219.1
Project("{FAE04EC0-301F-11D3-BF4B-00C04F79EFBC}") = "zoe-2-6", "zoe-2-6\zoe-2-6.csproj", "{13BDC066-30B3-438F-9434-49281127B46B}"
EndProject
Global
	GlobalSection(SolutionConfigurationPlatforms) = preSolution
		Debug|Any CPU = Debug|Any CPU
		Release|Any CPU = Release|Any CPU
	EndGlobalSection
	GlobalSection(ProjectConfigurationPlatforms) = postSolution
		{13BDC066-30B3-438F-9434-49281127B46B}.Debug|Any CPU.ActiveCfg = Debug|Any CPU
		{13BDC066-30B3-438F-9434-49281127B46B}.Debug|Any CPU.Build.0 = Debug|Any CPU
		{13BDC066-30B3-438F-9434-49281127B46B}.Release|Any CPU.ActiveCfg = Release|Any CPU
		{13BDC066-30B3-438F-9434-49281127B46B}.Release|Any CPU.Build.0 = Release|Any CPU
	EndGlobalSection
	GlobalSection(SolutionProperties) = preSolution
		HideSolutionNode = FALSE
	EndGlobalSection
	GlobalSection(ExtensibilityGlobals) = postSolution
		SolutionGuid = {42390243-BBDC-4DB2-AABE-460B7FE8A692}
	EndGlobalSection
EndGlobal
